
Microsoft Visual Studio Solution File, Format Version 12.00
# Visual Studio 15
VisualStudioVersion = 15.0.28010.2046
MinimumVisualStudioVersion = 10.0.40219.1
Project("{8BC9CEB8-8B4A-11D0-8D11-00A0C91BC942}") = "1-m", "1-m\1-m.vcxproj", "{C200D1F4-B700-46C0-BBE2-DC11A247735E}"
EndProject
Project("{8BC9CEB8-8B4A-11D0-8D11-00A0C91BC942}") = "1-m-test", "1-m-test\1-m-test.vcxproj", "{66C6279E-94AE-497E-9863-066F4B22306A}"
EndProject
Global
	GlobalSection(SolutionConfigurationPlatforms) = preSolution
		Debug|x64 = Debug|x64
		Debug|x86 = Debug|x86
		Release|x64 = Release|x64
		Release|x86 = Release|x86
	EndGlobalSection
	GlobalSection(ProjectConfigurationPlatforms) = postSolution
		{C200D1F4-B700-46C0-BBE2-DC11A247735E}.Debug|x64.ActiveCfg = Debug|x64
		{C200D1F4-B700-46C0-BBE2-DC11A247735E}.Debug|x64.Build.0 = Debug|x64
		{C200D1F4-B700-46C0-BBE2-DC11A247735E}.Debug|x86.ActiveCfg = Debug|Win32
		{C200D1F4-B700-46C0-BBE2-DC11A247735E}.Debug|x86.Build.0 = Debug|Win32
		{C200D1F4-B700-46C0-BBE2-DC11A247735E}.Release|x64.ActiveCfg = Release|x64
		{C200D1F4-B700-46C0-BBE2-DC11A247735E}.Release|x64.Build.0 = Release|x64
		{C200D1F4-B700-46C0-BBE2-DC11A247735E}.Release|x86.ActiveCfg = Release|Win32
		{C200D1F4-B700-46C0-BBE2-DC11A247735E}.Release|x86.Build.0 = Release|Win32
		{66C6279E-94AE-497E-9863-066F4B22306A}.Debug|x64.ActiveCfg = Debug|x64
		{66C6279E-94AE-497E-9863-066F4B22306A}.Debug|x64.Build.0 = Debug|x64
		{66C6279E-94AE-497E-9863-066F4B22306A}.Debug|x86.ActiveCfg = Debug|Win32
		{66C6279E-94AE-497E-9863-066F4B22306A}.Debug|x86.Build.0 = Debug|Win32
		{66C6279E-94AE-497E-9863-066F4B22306A}.Release|x64.ActiveCfg = Release|x64
		{66C6279E-94AE-497E-9863-066F4B22306A}.Release|x64.Build.0 = Release|x64
		{66C6279E-94AE-497E-9863-066F4B22306A}.Release|x86.ActiveCfg = Release|Win32
		{66C6279E-94AE-497E-9863-066F4B22306A}.Release|x86.Build.0 = Release|Win32
	EndGlobalSection
	GlobalSection(SolutionProperties) = preSolution
		HideSolutionNode = FALSE
	EndGlobalSection
	GlobalSection(ExtensibilityGlobals) = postSolution
		SolutionGuid = {6105CEBD-BF25-4AF8-B410-6AE5B1382EBD}
	EndGlobalSection
EndGlobal
